// !$*UTF8*$!
{
	archiveVersion = 1;
	classes = {
	};
	objectVersion = 55;
	objects = {

/* Begin PBXBuildFile section */
		2A105B0B2851DCF100DB971B /* TabBarModel.swift in Sources */ = {isa = PBXBuildFile; fileRef = 2A105B0A2851DCF100DB971B /* TabBarModel.swift */; };
		2A1B302C2860595500A2F20D /* ViewAssetsModel.swift in Sources */ = {isa = PBXBuildFile; fileRef = 2A1B302B2860595500A2F20D /* ViewAssetsModel.swift */; };
		2A1B302E286069D400A2F20D /* ColorExtension.swift in Sources */ = {isa = PBXBuildFile; fileRef = 2A1B302D286069D400A2F20D /* ColorExtension.swift */; };
		2A37E6BF2850B6CD00D9E739 /* QuestionsModel.swift in Sources */ = {isa = PBXBuildFile; fileRef = 2A37E6BE2850B6CD00D9E739 /* QuestionsModel.swift */; };
		2A5A80E7285A1D6100809CB2 /* LessonsModel.swift in Sources */ = {isa = PBXBuildFile; fileRef = 2A5A80E6285A1D6100809CB2 /* LessonsModel.swift */; };
		2A5A80E9285B2C8E00809CB2 /* AutoRotateVideoPlayerView.swift in Sources */ = {isa = PBXBuildFile; fileRef = 2A5A80E8285B2C8E00809CB2 /* AutoRotateVideoPlayerView.swift */; };
		2A5A80EB285B5CC500809CB2 /* VideoDescriptionView.swift in Sources */ = {isa = PBXBuildFile; fileRef = 2A5A80EA285B5CC500809CB2 /* VideoDescriptionView.swift */; };
		2A5A80ED285B5DCE00809CB2 /* VideoStampsIView.swift in Sources */ = {isa = PBXBuildFile; fileRef = 2A5A80EC285B5DCE00809CB2 /* VideoStampsIView.swift */; };
		2A5A80EF285B68AB00809CB2 /* LessonFooterView.swift in Sources */ = {isa = PBXBuildFile; fileRef = 2A5A80EE285B68AB00809CB2 /* LessonFooterView.swift */; };
		2AD42CEF285C6D7B00A92B4C /* ScrollCourseSectionView.swift in Sources */ = {isa = PBXBuildFile; fileRef = 2AD42CEE285C6D7B00A92B4C /* ScrollCourseSectionView.swift */; };
		2AD42CF1285C963400A92B4C /* CustomProgressBarView.swift in Sources */ = {isa = PBXBuildFile; fileRef = 2AD42CF0285C963400A92B4C /* CustomProgressBarView.swift */; };
		2AD95C1228587CC000E220E8 /* MainPageView.swift in Sources */ = {isa = PBXBuildFile; fileRef = 2AD95C1128587CC000E220E8 /* MainPageView.swift */; };
		2AD95C1428587D4E00E220E8 /* CourseSectionView.swift in Sources */ = {isa = PBXBuildFile; fileRef = 2AD95C1328587D4E00E220E8 /* CourseSectionView.swift */; };
		2AD95C1728587E3600E220E8 /* SearchBarView.swift in Sources */ = {isa = PBXBuildFile; fileRef = 2AD95C1628587E3600E220E8 /* SearchBarView.swift */; };
		2AD95C1928587E7200E220E8 /* CoursesModel.swift in Sources */ = {isa = PBXBuildFile; fileRef = 2AD95C1828587E7200E220E8 /* CoursesModel.swift */; };
		2AD95C1B28587FEE00E220E8 /* CourseCardView.swift in Sources */ = {isa = PBXBuildFile; fileRef = 2AD95C1A28587FEE00E220E8 /* CourseCardView.swift */; };
		2AD95C1F2858A7A300E220E8 /* CoursesViewModel.swift in Sources */ = {isa = PBXBuildFile; fileRef = 2AD95C1E2858A7A300E220E8 /* CoursesViewModel.swift */; };
		2AD95C212858C20500E220E8 /* FilterButtonView.swift in Sources */ = {isa = PBXBuildFile; fileRef = 2AD95C202858C20400E220E8 /* FilterButtonView.swift */; };
		2AD95C232858CE9F00E220E8 /* ProfileHeaderView.swift in Sources */ = {isa = PBXBuildFile; fileRef = 2AD95C222858CE9F00E220E8 /* ProfileHeaderView.swift */; };
		2ADB399F2859C63900A7992D /* FilterBarView.swift in Sources */ = {isa = PBXBuildFile; fileRef = 2ADB399E2859C63900A7992D /* FilterBarView.swift */; };
		2ADB39A62859FA2400A7992D /* VideoLessonView.swift in Sources */ = {isa = PBXBuildFile; fileRef = 2ADB39A52859FA2400A7992D /* VideoLessonView.swift */; };
		7A038C03284F324300B1376F /* ReusEdApp.swift in Sources */ = {isa = PBXBuildFile; fileRef = 7A038C02284F324300B1376F /* ReusEdApp.swift */; };
		7A038C05284F324300B1376F /* ContentView.swift in Sources */ = {isa = PBXBuildFile; fileRef = 7A038C04284F324300B1376F /* ContentView.swift */; };
		7A038C07284F324700B1376F /* Assets.xcassets in Resources */ = {isa = PBXBuildFile; fileRef = 7A038C06284F324700B1376F /* Assets.xcassets */; };
		7A038C0A284F324700B1376F /* Preview Assets.xcassets in Resources */ = {isa = PBXBuildFile; fileRef = 7A038C09284F324700B1376F /* Preview Assets.xcassets */; };
		7A038C18284F383900B1376F /* OnBoardingPagesModel.swift in Sources */ = {isa = PBXBuildFile; fileRef = 7A038C17284F383900B1376F /* OnBoardingPagesModel.swift */; };
		7A038C28284F3B0F00B1376F /* Rubik-BoldItalic.ttf in Resources */ = {isa = PBXBuildFile; fileRef = 7A038C1A284F3B0F00B1376F /* Rubik-BoldItalic.ttf */; };
		7A038C29284F3B0F00B1376F /* Rubik-Italic.ttf in Resources */ = {isa = PBXBuildFile; fileRef = 7A038C1B284F3B0F00B1376F /* Rubik-Italic.ttf */; };
		7A038C2A284F3B0F00B1376F /* Rubik-Bold.ttf in Resources */ = {isa = PBXBuildFile; fileRef = 7A038C1C284F3B0F00B1376F /* Rubik-Bold.ttf */; };
		7A038C2B284F3B0F00B1376F /* Rubik-ExtraBoldItalic.ttf in Resources */ = {isa = PBXBuildFile; fileRef = 7A038C1D284F3B0F00B1376F /* Rubik-ExtraBoldItalic.ttf */; };
		7A038C2C284F3B0F00B1376F /* Rubik-Regular.ttf in Resources */ = {isa = PBXBuildFile; fileRef = 7A038C1E284F3B0F00B1376F /* Rubik-Regular.ttf */; };
		7A038C2D284F3B0F00B1376F /* Rubik-SemiBold.ttf in Resources */ = {isa = PBXBuildFile; fileRef = 7A038C1F284F3B0F00B1376F /* Rubik-SemiBold.ttf */; };
		7A038C2E284F3B0F00B1376F /* Rubik-MediumItalic.ttf in Resources */ = {isa = PBXBuildFile; fileRef = 7A038C20284F3B0F00B1376F /* Rubik-MediumItalic.ttf */; };
		7A038C2F284F3B0F00B1376F /* Rubik-BlackItalic.ttf in Resources */ = {isa = PBXBuildFile; fileRef = 7A038C21284F3B0F00B1376F /* Rubik-BlackItalic.ttf */; };
		7A038C30284F3B0F00B1376F /* Rubik-Light.ttf in Resources */ = {isa = PBXBuildFile; fileRef = 7A038C22284F3B0F00B1376F /* Rubik-Light.ttf */; };
		7A038C31284F3B0F00B1376F /* Rubik-ExtraBold.ttf in Resources */ = {isa = PBXBuildFile; fileRef = 7A038C23284F3B0F00B1376F /* Rubik-ExtraBold.ttf */; };
		7A038C32284F3B0F00B1376F /* Rubik-LightItalic.ttf in Resources */ = {isa = PBXBuildFile; fileRef = 7A038C24284F3B0F00B1376F /* Rubik-LightItalic.ttf */; };
		7A038C33284F3B0F00B1376F /* Rubik-Medium.ttf in Resources */ = {isa = PBXBuildFile; fileRef = 7A038C25284F3B0F00B1376F /* Rubik-Medium.ttf */; };
		7A038C34284F3B0F00B1376F /* Rubik-SemiBoldItalic.ttf in Resources */ = {isa = PBXBuildFile; fileRef = 7A038C26284F3B0F00B1376F /* Rubik-SemiBoldItalic.ttf */; };
		7A038C35284F3B0F00B1376F /* Rubik-Black.ttf in Resources */ = {isa = PBXBuildFile; fileRef = 7A038C27284F3B0F00B1376F /* Rubik-Black.ttf */; };
		7A038C39284F806500B1376F /* NotificationsPermissionModel.swift in Sources */ = {isa = PBXBuildFile; fileRef = 7A038C38284F806500B1376F /* NotificationsPermissionModel.swift */; };
		7A038C3B284F81F000B1376F /* DailyNotificationsPermissionView.swift in Sources */ = {isa = PBXBuildFile; fileRef = 7A038C3A284F81F000B1376F /* DailyNotificationsPermissionView.swift */; };
		7A038C3E284F824500B1376F /* NotificationHandler.swift in Sources */ = {isa = PBXBuildFile; fileRef = 7A038C3D284F824500B1376F /* NotificationHandler.swift */; };
		7A038C40284F856800B1376F /* AppDelegate.swift in Sources */ = {isa = PBXBuildFile; fileRef = 7A038C3F284F856800B1376F /* AppDelegate.swift */; };
		7A038C44285088E400B1376F /* ViewRouter.swift in Sources */ = {isa = PBXBuildFile; fileRef = 7A038C43285088E400B1376F /* ViewRouter.swift */; };
		7A038C4628508ADB00B1376F /* IntroductionPagesView.swift in Sources */ = {isa = PBXBuildFile; fileRef = 7A038C4528508ADB00B1376F /* IntroductionPagesView.swift */; };
		7A038C4D28509DDD00B1376F /* HomeView.swift in Sources */ = {isa = PBXBuildFile; fileRef = 7A038C4C28509DDD00B1376F /* HomeView.swift */; };
		7A038C4F28509E4200B1376F /* SignInView.swift in Sources */ = {isa = PBXBuildFile; fileRef = 7A038C4E28509E4200B1376F /* SignInView.swift */; };
		7A038C5128509F0E00B1376F /* SignUpView.swift in Sources */ = {isa = PBXBuildFile; fileRef = 7A038C5028509F0E00B1376F /* SignUpView.swift */; };
		7A038C542850A05600B1376F /* PersonalizationQuestionView.swift in Sources */ = {isa = PBXBuildFile; fileRef = 7A038C532850A05600B1376F /* PersonalizationQuestionView.swift */; };
		7A038C5A2850A07E00B1376F /* CheckboxList.swift in Sources */ = {isa = PBXBuildFile; fileRef = 7A038C592850A07E00B1376F /* CheckboxList.swift */; };
		7A038C5D2850B12A00B1376F /* TestViewModel1.swift in Sources */ = {isa = PBXBuildFile; fileRef = 7A038C5C2850B12A00B1376F /* TestViewModel1.swift */; };
		7A1227722858BE9900536CC5 /* CourseListCellView.swift in Sources */ = {isa = PBXBuildFile; fileRef = 7A1227712858BE9900536CC5 /* CourseListCellView.swift */; };
		7A1227752858BFD100536CC5 /* CourseListView.swift in Sources */ = {isa = PBXBuildFile; fileRef = 7A1227742858BFD100536CC5 /* CourseListView.swift */; };
		7A1227782858CA5400536CC5 /* CourseDetailView.swift in Sources */ = {isa = PBXBuildFile; fileRef = 7A1227772858CA5400536CC5 /* CourseDetailView.swift */; };
		7A12277A2858E44E00536CC5 /* SavedCoursesListView.swift in Sources */ = {isa = PBXBuildFile; fileRef = 7A1227792858E44E00536CC5 /* SavedCoursesListView.swift */; };
		7A12277C285900D700536CC5 /* FilterView.swift in Sources */ = {isa = PBXBuildFile; fileRef = 7A12277B285900D700536CC5 /* FilterView.swift */; };
		7A1227802859088700536CC5 /* ProfileView.swift in Sources */ = {isa = PBXBuildFile; fileRef = 7A12277F2859088700536CC5 /* ProfileView.swift */; };
		7A122782285908D200536CC5 /* ScoresView.swift in Sources */ = {isa = PBXBuildFile; fileRef = 7A122781285908D200536CC5 /* ScoresView.swift */; };
		7A12278528590DCB00536CC5 /* NotificationsView.swift in Sources */ = {isa = PBXBuildFile; fileRef = 7A12278428590DCB00536CC5 /* NotificationsView.swift */; };
		7A91B209285B5EB50049CE8C /* TextImageLessonView.swift in Sources */ = {isa = PBXBuildFile; fileRef = 7A91B208285B5EB50049CE8C /* TextImageLessonView.swift */; };
		7A91B20B285B622D0049CE8C /* TextImageLessonSectionView.swift in Sources */ = {isa = PBXBuildFile; fileRef = 7A91B20A285B622D0049CE8C /* TextImageLessonSectionView.swift */; };
		7A91B20D285B63ED0049CE8C /* TextImageView.swift in Sources */ = {isa = PBXBuildFile; fileRef = 7A91B20C285B63ED0049CE8C /* TextImageView.swift */; };
		7A91B211285DB36F0049CE8C /* Launch Screen.storyboard in Resources */ = {isa = PBXBuildFile; fileRef = 7A91B210285DB36F0049CE8C /* Launch Screen.storyboard */; };
		7A91B213285DCC970049CE8C /* ForgotPasswordView.swift in Sources */ = {isa = PBXBuildFile; fileRef = 7A91B212285DCC970049CE8C /* ForgotPasswordView.swift */; };
		7AF745062859E8A30075B429 /* CourseDetailTopicCellView.swift in Sources */ = {isa = PBXBuildFile; fileRef = 7AF745052859E8A30075B429 /* CourseDetailTopicCellView.swift */; };
		7AF745082859F1D30075B429 /* CourseDetailSectionCellView.swift in Sources */ = {isa = PBXBuildFile; fileRef = 7AF745072859F1D30075B429 /* CourseDetailSectionCellView.swift */; };
		7AF7450A2859F2C20075B429 /* CoursesDetailModel.swift in Sources */ = {isa = PBXBuildFile; fileRef = 7AF745092859F2C20075B429 /* CoursesDetailModel.swift */; };
		7AF7450C2859FBC40075B429 /* SampleCoursesData.swift in Sources */ = {isa = PBXBuildFile; fileRef = 7AF7450B2859FBC40075B429 /* SampleCoursesData.swift */; };
		B7E0D5C02854AF2E0051E70B /* PersonalizationStorage.swift in Sources */ = {isa = PBXBuildFile; fileRef = B7E0D5BF2854AF2E0051E70B /* PersonalizationStorage.swift */; };
		B7E0D5C22855432E0051E70B /* RadioButtonList.swift in Sources */ = {isa = PBXBuildFile; fileRef = B7E0D5C12855432E0051E70B /* RadioButtonList.swift */; };
		CE6964D5F98E8107B7C0301D /* Pods_ReusEd.framework in Frameworks */ = {isa = PBXBuildFile; fileRef = 39A4757AD3116871EB0FB7A3 /* Pods_ReusEd.framework */; };
/* End PBXBuildFile section */

/* Begin PBXFileReference section */
		0584069E9A9D07CC58F32757 /* Pods-ReusEd.release.xcconfig */ = {isa = PBXFileReference; includeInIndex = 1; lastKnownFileType = text.xcconfig; name = "Pods-ReusEd.release.xcconfig"; path = "Target Support Files/Pods-ReusEd/Pods-ReusEd.release.xcconfig"; sourceTree = "<group>"; };
		2A105B0A2851DCF100DB971B /* TabBarModel.swift */ = {isa = PBXFileReference; lastKnownFileType = sourcecode.swift; path = TabBarModel.swift; sourceTree = "<group>"; };
		2A1B302B2860595500A2F20D /* ViewAssetsModel.swift */ = {isa = PBXFileReference; lastKnownFileType = sourcecode.swift; path = ViewAssetsModel.swift; sourceTree = "<group>"; };
		2A1B302D286069D400A2F20D /* ColorExtension.swift */ = {isa = PBXFileReference; lastKnownFileType = sourcecode.swift; path = ColorExtension.swift; sourceTree = "<group>"; };
		2A37E6BE2850B6CD00D9E739 /* QuestionsModel.swift */ = {isa = PBXFileReference; lastKnownFileType = sourcecode.swift; path = QuestionsModel.swift; sourceTree = "<group>"; };
		2A5A80E6285A1D6100809CB2 /* LessonsModel.swift */ = {isa = PBXFileReference; lastKnownFileType = sourcecode.swift; path = LessonsModel.swift; sourceTree = "<group>"; };
		2A5A80E8285B2C8E00809CB2 /* AutoRotateVideoPlayerView.swift */ = {isa = PBXFileReference; lastKnownFileType = sourcecode.swift; path = AutoRotateVideoPlayerView.swift; sourceTree = "<group>"; };
		2A5A80EA285B5CC500809CB2 /* VideoDescriptionView.swift */ = {isa = PBXFileReference; lastKnownFileType = sourcecode.swift; path = VideoDescriptionView.swift; sourceTree = "<group>"; };
		2A5A80EC285B5DCE00809CB2 /* VideoStampsIView.swift */ = {isa = PBXFileReference; lastKnownFileType = sourcecode.swift; path = VideoStampsIView.swift; sourceTree = "<group>"; };
		2A5A80EE285B68AB00809CB2 /* LessonFooterView.swift */ = {isa = PBXFileReference; lastKnownFileType = sourcecode.swift; path = LessonFooterView.swift; sourceTree = "<group>"; };
		2AD42CEE285C6D7B00A92B4C /* ScrollCourseSectionView.swift */ = {isa = PBXFileReference; lastKnownFileType = sourcecode.swift; path = ScrollCourseSectionView.swift; sourceTree = "<group>"; };
		2AD42CF0285C963400A92B4C /* CustomProgressBarView.swift */ = {isa = PBXFileReference; lastKnownFileType = sourcecode.swift; path = CustomProgressBarView.swift; sourceTree = "<group>"; };
		2AD95C1128587CC000E220E8 /* MainPageView.swift */ = {isa = PBXFileReference; lastKnownFileType = sourcecode.swift; path = MainPageView.swift; sourceTree = "<group>"; };
		2AD95C1328587D4E00E220E8 /* CourseSectionView.swift */ = {isa = PBXFileReference; lastKnownFileType = sourcecode.swift; path = CourseSectionView.swift; sourceTree = "<group>"; };
		2AD95C1628587E3600E220E8 /* SearchBarView.swift */ = {isa = PBXFileReference; lastKnownFileType = sourcecode.swift; path = SearchBarView.swift; sourceTree = "<group>"; };
		2AD95C1828587E7200E220E8 /* CoursesModel.swift */ = {isa = PBXFileReference; lastKnownFileType = sourcecode.swift; path = CoursesModel.swift; sourceTree = "<group>"; };
		2AD95C1A28587FEE00E220E8 /* CourseCardView.swift */ = {isa = PBXFileReference; lastKnownFileType = sourcecode.swift; path = CourseCardView.swift; sourceTree = "<group>"; };
		2AD95C1E2858A7A300E220E8 /* CoursesViewModel.swift */ = {isa = PBXFileReference; lastKnownFileType = sourcecode.swift; path = CoursesViewModel.swift; sourceTree = "<group>"; };
		2AD95C202858C20400E220E8 /* FilterButtonView.swift */ = {isa = PBXFileReference; lastKnownFileType = sourcecode.swift; path = FilterButtonView.swift; sourceTree = "<group>"; };
		2AD95C222858CE9F00E220E8 /* ProfileHeaderView.swift */ = {isa = PBXFileReference; lastKnownFileType = sourcecode.swift; path = ProfileHeaderView.swift; sourceTree = "<group>"; };
		2ADB399E2859C63900A7992D /* FilterBarView.swift */ = {isa = PBXFileReference; lastKnownFileType = sourcecode.swift; path = FilterBarView.swift; sourceTree = "<group>"; };
		2ADB39A52859FA2400A7992D /* VideoLessonView.swift */ = {isa = PBXFileReference; lastKnownFileType = sourcecode.swift; path = VideoLessonView.swift; sourceTree = "<group>"; };
		39A4757AD3116871EB0FB7A3 /* Pods_ReusEd.framework */ = {isa = PBXFileReference; explicitFileType = wrapper.framework; includeInIndex = 0; path = Pods_ReusEd.framework; sourceTree = BUILT_PRODUCTS_DIR; };
		7A038BFF284F324300B1376F /* ReusEd.app */ = {isa = PBXFileReference; explicitFileType = wrapper.application; includeInIndex = 0; path = ReusEd.app; sourceTree = BUILT_PRODUCTS_DIR; };
		7A038C02284F324300B1376F /* ReusEdApp.swift */ = {isa = PBXFileReference; lastKnownFileType = sourcecode.swift; path = ReusEdApp.swift; sourceTree = "<group>"; };
		7A038C04284F324300B1376F /* ContentView.swift */ = {isa = PBXFileReference; lastKnownFileType = sourcecode.swift; path = ContentView.swift; sourceTree = "<group>"; };
		7A038C06284F324700B1376F /* Assets.xcassets */ = {isa = PBXFileReference; lastKnownFileType = folder.assetcatalog; path = Assets.xcassets; sourceTree = "<group>"; };
		7A038C09284F324700B1376F /* Preview Assets.xcassets */ = {isa = PBXFileReference; lastKnownFileType = folder.assetcatalog; path = "Preview Assets.xcassets"; sourceTree = "<group>"; };
		7A038C10284F326700B1376F /* Info.plist */ = {isa = PBXFileReference; lastKnownFileType = text.plist; path = Info.plist; sourceTree = "<group>"; };
		7A038C17284F383900B1376F /* OnBoardingPagesModel.swift */ = {isa = PBXFileReference; lastKnownFileType = sourcecode.swift; path = OnBoardingPagesModel.swift; sourceTree = "<group>"; };
		7A038C1A284F3B0F00B1376F /* Rubik-BoldItalic.ttf */ = {isa = PBXFileReference; lastKnownFileType = file; path = "Rubik-BoldItalic.ttf"; sourceTree = "<group>"; };
		7A038C1B284F3B0F00B1376F /* Rubik-Italic.ttf */ = {isa = PBXFileReference; lastKnownFileType = file; path = "Rubik-Italic.ttf"; sourceTree = "<group>"; };
		7A038C1C284F3B0F00B1376F /* Rubik-Bold.ttf */ = {isa = PBXFileReference; lastKnownFileType = file; path = "Rubik-Bold.ttf"; sourceTree = "<group>"; };
		7A038C1D284F3B0F00B1376F /* Rubik-ExtraBoldItalic.ttf */ = {isa = PBXFileReference; lastKnownFileType = file; path = "Rubik-ExtraBoldItalic.ttf"; sourceTree = "<group>"; };
		7A038C1E284F3B0F00B1376F /* Rubik-Regular.ttf */ = {isa = PBXFileReference; lastKnownFileType = file; path = "Rubik-Regular.ttf"; sourceTree = "<group>"; };
		7A038C1F284F3B0F00B1376F /* Rubik-SemiBold.ttf */ = {isa = PBXFileReference; lastKnownFileType = file; path = "Rubik-SemiBold.ttf"; sourceTree = "<group>"; };
		7A038C20284F3B0F00B1376F /* Rubik-MediumItalic.ttf */ = {isa = PBXFileReference; lastKnownFileType = file; path = "Rubik-MediumItalic.ttf"; sourceTree = "<group>"; };
		7A038C21284F3B0F00B1376F /* Rubik-BlackItalic.ttf */ = {isa = PBXFileReference; lastKnownFileType = file; path = "Rubik-BlackItalic.ttf"; sourceTree = "<group>"; };
		7A038C22284F3B0F00B1376F /* Rubik-Light.ttf */ = {isa = PBXFileReference; lastKnownFileType = file; path = "Rubik-Light.ttf"; sourceTree = "<group>"; };
		7A038C23284F3B0F00B1376F /* Rubik-ExtraBold.ttf */ = {isa = PBXFileReference; lastKnownFileType = file; path = "Rubik-ExtraBold.ttf"; sourceTree = "<group>"; };
		7A038C24284F3B0F00B1376F /* Rubik-LightItalic.ttf */ = {isa = PBXFileReference; lastKnownFileType = file; path = "Rubik-LightItalic.ttf"; sourceTree = "<group>"; };
		7A038C25284F3B0F00B1376F /* Rubik-Medium.ttf */ = {isa = PBXFileReference; lastKnownFileType = file; path = "Rubik-Medium.ttf"; sourceTree = "<group>"; };
		7A038C26284F3B0F00B1376F /* Rubik-SemiBoldItalic.ttf */ = {isa = PBXFileReference; lastKnownFileType = file; path = "Rubik-SemiBoldItalic.ttf"; sourceTree = "<group>"; };
		7A038C27284F3B0F00B1376F /* Rubik-Black.ttf */ = {isa = PBXFileReference; lastKnownFileType = file; path = "Rubik-Black.ttf"; sourceTree = "<group>"; };
		7A038C38284F806500B1376F /* NotificationsPermissionModel.swift */ = {isa = PBXFileReference; lastKnownFileType = sourcecode.swift; path = NotificationsPermissionModel.swift; sourceTree = "<group>"; };
		7A038C3A284F81F000B1376F /* DailyNotificationsPermissionView.swift */ = {isa = PBXFileReference; lastKnownFileType = sourcecode.swift; path = DailyNotificationsPermissionView.swift; sourceTree = "<group>"; };
		7A038C3D284F824500B1376F /* NotificationHandler.swift */ = {isa = PBXFileReference; lastKnownFileType = sourcecode.swift; path = NotificationHandler.swift; sourceTree = "<group>"; };
		7A038C3F284F856800B1376F /* AppDelegate.swift */ = {isa = PBXFileReference; lastKnownFileType = sourcecode.swift; path = AppDelegate.swift; sourceTree = "<group>"; };
		7A038C43285088E400B1376F /* ViewRouter.swift */ = {isa = PBXFileReference; lastKnownFileType = sourcecode.swift; path = ViewRouter.swift; sourceTree = "<group>"; };
		7A038C4528508ADB00B1376F /* IntroductionPagesView.swift */ = {isa = PBXFileReference; lastKnownFileType = sourcecode.swift; path = IntroductionPagesView.swift; sourceTree = "<group>"; };
		7A038C4C28509DDD00B1376F /* HomeView.swift */ = {isa = PBXFileReference; lastKnownFileType = sourcecode.swift; path = HomeView.swift; sourceTree = "<group>"; };
		7A038C4E28509E4200B1376F /* SignInView.swift */ = {isa = PBXFileReference; lastKnownFileType = sourcecode.swift; path = SignInView.swift; sourceTree = "<group>"; };
		7A038C5028509F0E00B1376F /* SignUpView.swift */ = {isa = PBXFileReference; lastKnownFileType = sourcecode.swift; path = SignUpView.swift; sourceTree = "<group>"; };
		7A038C532850A05600B1376F /* PersonalizationQuestionView.swift */ = {isa = PBXFileReference; lastKnownFileType = sourcecode.swift; path = PersonalizationQuestionView.swift; sourceTree = "<group>"; };
		7A038C592850A07E00B1376F /* CheckboxList.swift */ = {isa = PBXFileReference; lastKnownFileType = sourcecode.swift; path = CheckboxList.swift; sourceTree = "<group>"; };
		7A038C5C2850B12A00B1376F /* TestViewModel1.swift */ = {isa = PBXFileReference; lastKnownFileType = sourcecode.swift; path = TestViewModel1.swift; sourceTree = "<group>"; };
		7A1227712858BE9900536CC5 /* CourseListCellView.swift */ = {isa = PBXFileReference; lastKnownFileType = sourcecode.swift; path = CourseListCellView.swift; sourceTree = "<group>"; };
		7A1227742858BFD100536CC5 /* CourseListView.swift */ = {isa = PBXFileReference; lastKnownFileType = sourcecode.swift; path = CourseListView.swift; sourceTree = "<group>"; };
		7A1227772858CA5400536CC5 /* CourseDetailView.swift */ = {isa = PBXFileReference; lastKnownFileType = sourcecode.swift; path = CourseDetailView.swift; sourceTree = "<group>"; };
		7A1227792858E44E00536CC5 /* SavedCoursesListView.swift */ = {isa = PBXFileReference; lastKnownFileType = sourcecode.swift; path = SavedCoursesListView.swift; sourceTree = "<group>"; };
		7A12277B285900D700536CC5 /* FilterView.swift */ = {isa = PBXFileReference; lastKnownFileType = sourcecode.swift; path = FilterView.swift; sourceTree = "<group>"; };
		7A12277F2859088700536CC5 /* ProfileView.swift */ = {isa = PBXFileReference; lastKnownFileType = sourcecode.swift; path = ProfileView.swift; sourceTree = "<group>"; };
		7A122781285908D200536CC5 /* ScoresView.swift */ = {isa = PBXFileReference; lastKnownFileType = sourcecode.swift; path = ScoresView.swift; sourceTree = "<group>"; };
		7A12278428590DCB00536CC5 /* NotificationsView.swift */ = {isa = PBXFileReference; lastKnownFileType = sourcecode.swift; path = NotificationsView.swift; sourceTree = "<group>"; };
		7A91B208285B5EB50049CE8C /* TextImageLessonView.swift */ = {isa = PBXFileReference; lastKnownFileType = sourcecode.swift; path = TextImageLessonView.swift; sourceTree = "<group>"; };
		7A91B20A285B622D0049CE8C /* TextImageLessonSectionView.swift */ = {isa = PBXFileReference; lastKnownFileType = sourcecode.swift; path = TextImageLessonSectionView.swift; sourceTree = "<group>"; };
		7A91B20C285B63ED0049CE8C /* TextImageView.swift */ = {isa = PBXFileReference; lastKnownFileType = sourcecode.swift; path = TextImageView.swift; sourceTree = "<group>"; };
		7A91B210285DB36F0049CE8C /* Launch Screen.storyboard */ = {isa = PBXFileReference; lastKnownFileType = file.storyboard; path = "Launch Screen.storyboard"; sourceTree = "<group>"; };
		7A91B212285DCC970049CE8C /* ForgotPasswordView.swift */ = {isa = PBXFileReference; lastKnownFileType = sourcecode.swift; path = ForgotPasswordView.swift; sourceTree = "<group>"; };
		7AF745052859E8A30075B429 /* CourseDetailTopicCellView.swift */ = {isa = PBXFileReference; lastKnownFileType = sourcecode.swift; path = CourseDetailTopicCellView.swift; sourceTree = "<group>"; };
		7AF745072859F1D30075B429 /* CourseDetailSectionCellView.swift */ = {isa = PBXFileReference; lastKnownFileType = sourcecode.swift; path = CourseDetailSectionCellView.swift; sourceTree = "<group>"; };
		7AF745092859F2C20075B429 /* CoursesDetailModel.swift */ = {isa = PBXFileReference; lastKnownFileType = sourcecode.swift; path = CoursesDetailModel.swift; sourceTree = "<group>"; };
		7AF7450B2859FBC40075B429 /* SampleCoursesData.swift */ = {isa = PBXFileReference; lastKnownFileType = sourcecode.swift; path = SampleCoursesData.swift; sourceTree = "<group>"; };
		AD5D6652375AACB2697713E6 /* Pods-ReusEd.debug.xcconfig */ = {isa = PBXFileReference; includeInIndex = 1; lastKnownFileType = text.xcconfig; name = "Pods-ReusEd.debug.xcconfig"; path = "Target Support Files/Pods-ReusEd/Pods-ReusEd.debug.xcconfig"; sourceTree = "<group>"; };
		B7E0D5BF2854AF2E0051E70B /* PersonalizationStorage.swift */ = {isa = PBXFileReference; lastKnownFileType = sourcecode.swift; path = PersonalizationStorage.swift; sourceTree = "<group>"; };
		B7E0D5C12855432E0051E70B /* RadioButtonList.swift */ = {isa = PBXFileReference; lastKnownFileType = sourcecode.swift; path = RadioButtonList.swift; sourceTree = "<group>"; };
/* End PBXFileReference section */

/* Begin PBXFrameworksBuildPhase section */
		7A038BFC284F324300B1376F /* Frameworks */ = {
			isa = PBXFrameworksBuildPhase;
			buildActionMask = 2147483647;
			files = (
				CE6964D5F98E8107B7C0301D /* Pods_ReusEd.framework in Frameworks */,
			);
			runOnlyForDeploymentPostprocessing = 0;
		};
/* End PBXFrameworksBuildPhase section */

/* Begin PBXGroup section */
		0EE1280EB741DC4B55AC01E1 /* Frameworks */ = {
			isa = PBXGroup;
			children = (
				39A4757AD3116871EB0FB7A3 /* Pods_ReusEd.framework */,
			);
			name = Frameworks;
			sourceTree = "<group>";
		};
		2AD95C1028587C1600E220E8 /* MainPage */ = {
			isa = PBXGroup;
			children = (
				7A12278328590DB600536CC5 /* Notifications */,
				2AD95C1128587CC000E220E8 /* MainPageView.swift */,
				2AD95C1328587D4E00E220E8 /* CourseSectionView.swift */,
				2AD95C1A28587FEE00E220E8 /* CourseCardView.swift */,
				2AD95C202858C20400E220E8 /* FilterButtonView.swift */,
				7A12277B285900D700536CC5 /* FilterView.swift */,
				2ADB399E2859C63900A7992D /* FilterBarView.swift */,
				2AD42CEE285C6D7B00A92B4C /* ScrollCourseSectionView.swift */,
			);
			path = MainPage;
			sourceTree = "<group>";
		};
		2AD95C1528587DEE00E220E8 /* SharedComponents */ = {
			isa = PBXGroup;
			children = (
				7A1227742858BFD100536CC5 /* CourseListView.swift */,
				2AD95C1628587E3600E220E8 /* SearchBarView.swift */,
				7A1227712858BE9900536CC5 /* CourseListCellView.swift */,
				2AD95C222858CE9F00E220E8 /* ProfileHeaderView.swift */,
				2A5A80EE285B68AB00809CB2 /* LessonFooterView.swift */,
			);
			path = SharedComponents;
			sourceTree = "<group>";
		};
		2ADB39A42859F9C800A7992D /* VideoLessons */ = {
			isa = PBXGroup;
			children = (
				2ADB39A52859FA2400A7992D /* VideoLessonView.swift */,
				2A5A80E8285B2C8E00809CB2 /* AutoRotateVideoPlayerView.swift */,
				2A5A80EA285B5CC500809CB2 /* VideoDescriptionView.swift */,
				2A5A80EC285B5DCE00809CB2 /* VideoStampsIView.swift */,
			);
			path = VideoLessons;
			sourceTree = "<group>";
		};
		7A038BF6284F324300B1376F = {
			isa = PBXGroup;
			children = (
				7A038C01284F324300B1376F /* ReusEd */,
				7A038C00284F324300B1376F /* Products */,
				E2F9127AB2743844FAA99DBE /* Pods */,
				0EE1280EB741DC4B55AC01E1 /* Frameworks */,
			);
			sourceTree = "<group>";
		};
		7A038C00284F324300B1376F /* Products */ = {
			isa = PBXGroup;
			children = (
				7A038BFF284F324300B1376F /* ReusEd.app */,
			);
			name = Products;
			sourceTree = "<group>";
		};
		7A038C01284F324300B1376F /* ReusEd */ = {
			isa = PBXGroup;
			children = (
				7A038C5B2850B11500B1376F /* ViewModel */,
				7A038C3C284F822100B1376F /* Shared */,
				7A038C14284F35A900B1376F /* Resources */,
				7A038C12284F359400B1376F /* Models */,
				7A038C11284F357B00B1376F /* Views */,
				7A038C10284F326700B1376F /* Info.plist */,
				7A038C02284F324300B1376F /* ReusEdApp.swift */,
				7A038C43285088E400B1376F /* ViewRouter.swift */,
				7A038C04284F324300B1376F /* ContentView.swift */,
				7A038C08284F324700B1376F /* Preview Content */,
				7A91B210285DB36F0049CE8C /* Launch Screen.storyboard */,
			);
			path = ReusEd;
			sourceTree = "<group>";
		};
		7A038C08284F324700B1376F /* Preview Content */ = {
			isa = PBXGroup;
			children = (
				7A038C09284F324700B1376F /* Preview Assets.xcassets */,
			);
			path = "Preview Content";
			sourceTree = "<group>";
		};
		7A038C11284F357B00B1376F /* Views */ = {
			isa = PBXGroup;
			children = (
				7A038C4928508F1600B1376F /* Home */,
				7A038C41285086F500B1376F /* Onboarding */,
				7A038C422850870B00B1376F /* Authorization */,
				7A038C522850A02B00B1376F /* Personalization */,
			);
			path = Views;
			sourceTree = "<group>";
		};
		7A038C12284F359400B1376F /* Models */ = {
			isa = PBXGroup;
			children = (
				7A038C17284F383900B1376F /* OnBoardingPagesModel.swift */,
				7A038C38284F806500B1376F /* NotificationsPermissionModel.swift */,
				2A37E6BE2850B6CD00D9E739 /* QuestionsModel.swift */,
				2A105B0A2851DCF100DB971B /* TabBarModel.swift */,
				2A5A80E6285A1D6100809CB2 /* LessonsModel.swift */,
				2AD95C1828587E7200E220E8 /* CoursesModel.swift */,
				7AF745092859F2C20075B429 /* CoursesDetailModel.swift */,
				7AF7450B2859FBC40075B429 /* SampleCoursesData.swift */,
				2A1B302B2860595500A2F20D /* ViewAssetsModel.swift */,
			);
			path = Models;
			sourceTree = "<group>";
		};
		7A038C14284F35A900B1376F /* Resources */ = {
			isa = PBXGroup;
			children = (
				7A038C06284F324700B1376F /* Assets.xcassets */,
				7A038C19284F3AA500B1376F /* Fonts */,
			);
			path = Resources;
			sourceTree = "<group>";
		};
		7A038C19284F3AA500B1376F /* Fonts */ = {
			isa = PBXGroup;
			children = (
				7A038C27284F3B0F00B1376F /* Rubik-Black.ttf */,
				7A038C21284F3B0F00B1376F /* Rubik-BlackItalic.ttf */,
				7A038C1C284F3B0F00B1376F /* Rubik-Bold.ttf */,
				7A038C1A284F3B0F00B1376F /* Rubik-BoldItalic.ttf */,
				7A038C23284F3B0F00B1376F /* Rubik-ExtraBold.ttf */,
				7A038C1D284F3B0F00B1376F /* Rubik-ExtraBoldItalic.ttf */,
				7A038C1B284F3B0F00B1376F /* Rubik-Italic.ttf */,
				7A038C22284F3B0F00B1376F /* Rubik-Light.ttf */,
				7A038C24284F3B0F00B1376F /* Rubik-LightItalic.ttf */,
				7A038C25284F3B0F00B1376F /* Rubik-Medium.ttf */,
				7A038C20284F3B0F00B1376F /* Rubik-MediumItalic.ttf */,
				7A038C1E284F3B0F00B1376F /* Rubik-Regular.ttf */,
				7A038C1F284F3B0F00B1376F /* Rubik-SemiBold.ttf */,
				7A038C26284F3B0F00B1376F /* Rubik-SemiBoldItalic.ttf */,
			);
			path = Fonts;
			sourceTree = "<group>";
		};
		7A038C3C284F822100B1376F /* Shared */ = {
			isa = PBXGroup;
			children = (
				7A038C3D284F824500B1376F /* NotificationHandler.swift */,
				7A038C3F284F856800B1376F /* AppDelegate.swift */,
				2A1B302D286069D400A2F20D /* ColorExtension.swift */,
			);
			path = Shared;
			sourceTree = "<group>";
		};
		7A038C41285086F500B1376F /* Onboarding */ = {
			isa = PBXGroup;
			children = (
				7A038C3A284F81F000B1376F /* DailyNotificationsPermissionView.swift */,
				7A038C4528508ADB00B1376F /* IntroductionPagesView.swift */,
			);
			path = Onboarding;
			sourceTree = "<group>";
		};
		7A038C422850870B00B1376F /* Authorization */ = {
			isa = PBXGroup;
			children = (
				7A038C4E28509E4200B1376F /* SignInView.swift */,
				7A038C5028509F0E00B1376F /* SignUpView.swift */,
				7A91B212285DCC970049CE8C /* ForgotPasswordView.swift */,
			);
			path = Authorization;
			sourceTree = "<group>";
		};
		7A038C4928508F1600B1376F /* Home */ = {
			isa = PBXGroup;
			children = (
				7A038C4C28509DDD00B1376F /* HomeView.swift */,
				2AD95C1028587C1600E220E8 /* MainPage */,
				7A12277E2859082800536CC5 /* Scores */,
				7A1227732858BEA500536CC5 /* SavedCourses */,
				7A12277D2859082100536CC5 /* Profile */,
				7A1227762858CA3D00536CC5 /* CourseContentViews */,
				2AD95C1528587DEE00E220E8 /* SharedComponents */,
			);
			path = Home;
			sourceTree = "<group>";
		};
		7A038C522850A02B00B1376F /* Personalization */ = {
			isa = PBXGroup;
			children = (
				B7E0D5BF2854AF2E0051E70B /* PersonalizationStorage.swift */,
				7A038C532850A05600B1376F /* PersonalizationQuestionView.swift */,
				7A038C592850A07E00B1376F /* CheckboxList.swift */,
				B7E0D5C12855432E0051E70B /* RadioButtonList.swift */,
				2AD42CF0285C963400A92B4C /* CustomProgressBarView.swift */,
			);
			path = Personalization;
			sourceTree = "<group>";
		};
		7A038C5B2850B11500B1376F /* ViewModel */ = {
			isa = PBXGroup;
			children = (
				7A038C5C2850B12A00B1376F /* TestViewModel1.swift */,
				2AD95C1E2858A7A300E220E8 /* CoursesViewModel.swift */,
			);
			path = ViewModel;
			sourceTree = "<group>";
		};
		7A1227732858BEA500536CC5 /* SavedCourses */ = {
			isa = PBXGroup;
			children = (
				7A1227792858E44E00536CC5 /* SavedCoursesListView.swift */,
			);
			path = SavedCourses;
			sourceTree = "<group>";
		};
		7A1227762858CA3D00536CC5 /* CourseContentViews */ = {
			isa = PBXGroup;
			children = (
				7A91B207285B5E8E0049CE8C /* TextImageLessons */,
				2ADB39A42859F9C800A7992D /* VideoLessons */,
				7A1227772858CA5400536CC5 /* CourseDetailView.swift */,
				7AF745052859E8A30075B429 /* CourseDetailTopicCellView.swift */,
				7AF745072859F1D30075B429 /* CourseDetailSectionCellView.swift */,
			);
			path = CourseContentViews;
			sourceTree = "<group>";
		};
		7A12277D2859082100536CC5 /* Profile */ = {
			isa = PBXGroup;
			children = (
				7A12277F2859088700536CC5 /* ProfileView.swift */,
			);
			path = Profile;
			sourceTree = "<group>";
		};
		7A12277E2859082800536CC5 /* Scores */ = {
			isa = PBXGroup;
			children = (
				7A122781285908D200536CC5 /* ScoresView.swift */,
			);
			path = Scores;
			sourceTree = "<group>";
		};
		7A12278328590DB600536CC5 /* Notifications */ = {
			isa = PBXGroup;
			children = (
				7A12278428590DCB00536CC5 /* NotificationsView.swift */,
			);
			path = Notifications;
			sourceTree = "<group>";
		};
		7A91B207285B5E8E0049CE8C /* TextImageLessons */ = {
			isa = PBXGroup;
			children = (
				7A91B208285B5EB50049CE8C /* TextImageLessonView.swift */,
				7A91B20A285B622D0049CE8C /* TextImageLessonSectionView.swift */,
				7A91B20C285B63ED0049CE8C /* TextImageView.swift */,
			);
			path = TextImageLessons;
			sourceTree = "<group>";
		};
		E2F9127AB2743844FAA99DBE /* Pods */ = {
			isa = PBXGroup;
			children = (
				AD5D6652375AACB2697713E6 /* Pods-ReusEd.debug.xcconfig */,
				0584069E9A9D07CC58F32757 /* Pods-ReusEd.release.xcconfig */,
			);
			path = Pods;
			sourceTree = "<group>";
		};
/* End PBXGroup section */

/* Begin PBXNativeTarget section */
		7A038BFE284F324300B1376F /* ReusEd */ = {
			isa = PBXNativeTarget;
			buildConfigurationList = 7A038C0D284F324700B1376F /* Build configuration list for PBXNativeTarget "ReusEd" */;
			buildPhases = (
				3D64452A49C27152FA137508 /* [CP] Check Pods Manifest.lock */,
				833C462D2853D1DB00FAA3E7 /* SwiftLint */,
				7A038BFB284F324300B1376F /* Sources */,
				7A038BFC284F324300B1376F /* Frameworks */,
				7A038BFD284F324300B1376F /* Resources */,
			);
			buildRules = (
			);
			dependencies = (
			);
			name = ReusEd;
			productName = ReusEd;
			productReference = 7A038BFF284F324300B1376F /* ReusEd.app */;
			productType = "com.apple.product-type.application";
		};
/* End PBXNativeTarget section */

/* Begin PBXProject section */
		7A038BF7284F324300B1376F /* Project object */ = {
			isa = PBXProject;
			attributes = {
				BuildIndependentTargetsInParallel = 1;
				LastSwiftUpdateCheck = 1340;
				LastUpgradeCheck = 1340;
				TargetAttributes = {
					7A038BFE284F324300B1376F = {
						CreatedOnToolsVersion = 13.4.1;
					};
				};
			};
			buildConfigurationList = 7A038BFA284F324300B1376F /* Build configuration list for PBXProject "ReusEd" */;
			compatibilityVersion = "Xcode 13.0";
			developmentRegion = en;
			hasScannedForEncodings = 0;
			knownRegions = (
				en,
				Base,
			);
			mainGroup = 7A038BF6284F324300B1376F;
			productRefGroup = 7A038C00284F324300B1376F /* Products */;
			projectDirPath = "";
			projectRoot = "";
			targets = (
				7A038BFE284F324300B1376F /* ReusEd */,
			);
		};
/* End PBXProject section */

/* Begin PBXResourcesBuildPhase section */
		7A038BFD284F324300B1376F /* Resources */ = {
			isa = PBXResourcesBuildPhase;
			buildActionMask = 2147483647;
			files = (
				7A038C2F284F3B0F00B1376F /* Rubik-BlackItalic.ttf in Resources */,
				7A038C2B284F3B0F00B1376F /* Rubik-ExtraBoldItalic.ttf in Resources */,
				7A91B211285DB36F0049CE8C /* Launch Screen.storyboard in Resources */,
				7A038C35284F3B0F00B1376F /* Rubik-Black.ttf in Resources */,
				7A038C2E284F3B0F00B1376F /* Rubik-MediumItalic.ttf in Resources */,
				7A038C2C284F3B0F00B1376F /* Rubik-Regular.ttf in Resources */,
				7A038C29284F3B0F00B1376F /* Rubik-Italic.ttf in Resources */,
				7A038C0A284F324700B1376F /* Preview Assets.xcassets in Resources */,
				7A038C28284F3B0F00B1376F /* Rubik-BoldItalic.ttf in Resources */,
				7A038C32284F3B0F00B1376F /* Rubik-LightItalic.ttf in Resources */,
				7A038C07284F324700B1376F /* Assets.xcassets in Resources */,
				7A038C2A284F3B0F00B1376F /* Rubik-Bold.ttf in Resources */,
				7A038C2D284F3B0F00B1376F /* Rubik-SemiBold.ttf in Resources */,
				7A038C31284F3B0F00B1376F /* Rubik-ExtraBold.ttf in Resources */,
				7A038C34284F3B0F00B1376F /* Rubik-SemiBoldItalic.ttf in Resources */,
				7A038C30284F3B0F00B1376F /* Rubik-Light.ttf in Resources */,
				7A038C33284F3B0F00B1376F /* Rubik-Medium.ttf in Resources */,
			);
			runOnlyForDeploymentPostprocessing = 0;
		};
/* End PBXResourcesBuildPhase section */

/* Begin PBXShellScriptBuildPhase section */
		3D64452A49C27152FA137508 /* [CP] Check Pods Manifest.lock */ = {
			isa = PBXShellScriptBuildPhase;
			buildActionMask = 2147483647;
			files = (
			);
			inputFileListPaths = (
			);
			inputPaths = (
				"${PODS_PODFILE_DIR_PATH}/Podfile.lock",
				"${PODS_ROOT}/Manifest.lock",
			);
			name = "[CP] Check Pods Manifest.lock";
			outputFileListPaths = (
			);
			outputPaths = (
				"$(DERIVED_FILE_DIR)/Pods-ReusEd-checkManifestLockResult.txt",
			);
			runOnlyForDeploymentPostprocessing = 0;
			shellPath = /bin/sh;
			shellScript = "diff \"${PODS_PODFILE_DIR_PATH}/Podfile.lock\" \"${PODS_ROOT}/Manifest.lock\" > /dev/null\nif [ $? != 0 ] ; then\n    # print error to STDERR\n    echo \"error: The sandbox is not in sync with the Podfile.lock. Run 'pod install' or update your CocoaPods installation.\" >&2\n    exit 1\nfi\n# This output is used by Xcode 'outputs' to avoid re-running this script phase.\necho \"SUCCESS\" > \"${SCRIPT_OUTPUT_FILE_0}\"\n";
			showEnvVarsInLog = 0;
		};
		833C462D2853D1DB00FAA3E7 /* SwiftLint */ = {
			isa = PBXShellScriptBuildPhase;
			buildActionMask = 2147483647;
			files = (
			);
			inputFileListPaths = (
			);
			inputPaths = (
			);
			name = SwiftLint;
			outputFileListPaths = (
			);
			outputPaths = (
			);
			runOnlyForDeploymentPostprocessing = 0;
			shellPath = /bin/sh;
			shellScript = "\"${PODS_ROOT}/SwiftLint/swiftlint\"\n";
		};
/* End PBXShellScriptBuildPhase section */

/* Begin PBXSourcesBuildPhase section */
		7A038BFB284F324300B1376F /* Sources */ = {
			isa = PBXSourcesBuildPhase;
			buildActionMask = 2147483647;
			files = (
				2A37E6BF2850B6CD00D9E739 /* QuestionsModel.swift in Sources */,
				2AD95C1B28587FEE00E220E8 /* CourseCardView.swift in Sources */,
				2A5A80EB285B5CC500809CB2 /* VideoDescriptionView.swift in Sources */,
				2AD95C1228587CC000E220E8 /* MainPageView.swift in Sources */,
				7A91B20B285B622D0049CE8C /* TextImageLessonSectionView.swift in Sources */,
				2ADB39A62859FA2400A7992D /* VideoLessonView.swift in Sources */,
				2AD95C1428587D4E00E220E8 /* CourseSectionView.swift in Sources */,
				7A038C4D28509DDD00B1376F /* HomeView.swift in Sources */,
				2A1B302E286069D400A2F20D /* ColorExtension.swift in Sources */,
				2A1B302C2860595500A2F20D /* ViewAssetsModel.swift in Sources */,
				2AD95C232858CE9F00E220E8 /* ProfileHeaderView.swift in Sources */,
				7A038C3E284F824500B1376F /* NotificationHandler.swift in Sources */,
				2A5A80E9285B2C8E00809CB2 /* AutoRotateVideoPlayerView.swift in Sources */,
				7A038C3B284F81F000B1376F /* DailyNotificationsPermissionView.swift in Sources */,
				7A1227722858BE9900536CC5 /* CourseListCellView.swift in Sources */,
				7A91B20D285B63ED0049CE8C /* TextImageView.swift in Sources */,
				7A038C5A2850A07E00B1376F /* CheckboxList.swift in Sources */,
				2ADB399F2859C63900A7992D /* FilterBarView.swift in Sources */,
				7A038C44285088E400B1376F /* ViewRouter.swift in Sources */,
				2A5A80ED285B5DCE00809CB2 /* VideoStampsIView.swift in Sources */,
				7A038C40284F856800B1376F /* AppDelegate.swift in Sources */,
				7A12277A2858E44E00536CC5 /* SavedCoursesListView.swift in Sources */,
				B7E0D5C02854AF2E0051E70B /* PersonalizationStorage.swift in Sources */,
				7AF7450C2859FBC40075B429 /* SampleCoursesData.swift in Sources */,
				2A105B0B2851DCF100DB971B /* TabBarModel.swift in Sources */,
				7A91B213285DCC970049CE8C /* ForgotPasswordView.swift in Sources */,
				7A91B209285B5EB50049CE8C /* TextImageLessonView.swift in Sources */,
				2AD95C212858C20500E220E8 /* FilterButtonView.swift in Sources */,
				7A038C05284F324300B1376F /* ContentView.swift in Sources */,
				7A038C4F28509E4200B1376F /* SignInView.swift in Sources */,
				7A1227782858CA5400536CC5 /* CourseDetailView.swift in Sources */,
				2AD95C1928587E7200E220E8 /* CoursesModel.swift in Sources */,
				7A038C542850A05600B1376F /* PersonalizationQuestionView.swift in Sources */,
				2AD42CF1285C963400A92B4C /* CustomProgressBarView.swift in Sources */,
				2AD95C1F2858A7A300E220E8 /* CoursesViewModel.swift in Sources */,
				7A1227752858BFD100536CC5 /* CourseListView.swift in Sources */,
				7A038C03284F324300B1376F /* ReusEdApp.swift in Sources */,
				2A5A80E7285A1D6100809CB2 /* LessonsModel.swift in Sources */,
				7AF745082859F1D30075B429 /* CourseDetailSectionCellView.swift in Sources */,
				2A5A80EF285B68AB00809CB2 /* LessonFooterView.swift in Sources */,
				7AF7450A2859F2C20075B429 /* CoursesDetailModel.swift in Sources */,
				7A038C5128509F0E00B1376F /* SignUpView.swift in Sources */,
				7AF745062859E8A30075B429 /* CourseDetailTopicCellView.swift in Sources */,
				7A1227802859088700536CC5 /* ProfileView.swift in Sources */,
				7A038C5D2850B12A00B1376F /* TestViewModel1.swift in Sources */,
				7A122782285908D200536CC5 /* ScoresView.swift in Sources */,
				7A038C18284F383900B1376F /* OnBoardingPagesModel.swift in Sources */,
				2AD95C1728587E3600E220E8 /* SearchBarView.swift in Sources */,
				7A038C39284F806500B1376F /* NotificationsPermissionModel.swift in Sources */,
				7A038C4628508ADB00B1376F /* IntroductionPagesView.swift in Sources */,
				B7E0D5C22855432E0051E70B /* RadioButtonList.swift in Sources */,
				7A12277C285900D700536CC5 /* FilterView.swift in Sources */,
				7A12278528590DCB00536CC5 /* NotificationsView.swift in Sources */,
				2AD42CEF285C6D7B00A92B4C /* ScrollCourseSectionView.swift in Sources */,
			);
			runOnlyForDeploymentPostprocessing = 0;
		};
/* End PBXSourcesBuildPhase section */

/* Begin XCBuildConfiguration section */
		7A038C0B284F324700B1376F /* Debug */ = {
			isa = XCBuildConfiguration;
			buildSettings = {
				ALWAYS_SEARCH_USER_PATHS = NO;
				CLANG_ANALYZER_NONNULL = YES;
				CLANG_ANALYZER_NUMBER_OBJECT_CONVERSION = YES_AGGRESSIVE;
				CLANG_CXX_LANGUAGE_STANDARD = "gnu++17";
				CLANG_ENABLE_MODULES = YES;
				CLANG_ENABLE_OBJC_ARC = YES;
				CLANG_ENABLE_OBJC_WEAK = YES;
				CLANG_WARN_BLOCK_CAPTURE_AUTORELEASING = YES;
				CLANG_WARN_BOOL_CONVERSION = YES;
				CLANG_WARN_COMMA = YES;
				CLANG_WARN_CONSTANT_CONVERSION = YES;
				CLANG_WARN_DEPRECATED_OBJC_IMPLEMENTATIONS = YES;
				CLANG_WARN_DIRECT_OBJC_ISA_USAGE = YES_ERROR;
				CLANG_WARN_DOCUMENTATION_COMMENTS = YES;
				CLANG_WARN_EMPTY_BODY = YES;
				CLANG_WARN_ENUM_CONVERSION = YES;
				CLANG_WARN_INFINITE_RECURSION = YES;
				CLANG_WARN_INT_CONVERSION = YES;
				CLANG_WARN_NON_LITERAL_NULL_CONVERSION = YES;
				CLANG_WARN_OBJC_IMPLICIT_RETAIN_SELF = YES;
				CLANG_WARN_OBJC_LITERAL_CONVERSION = YES;
				CLANG_WARN_OBJC_ROOT_CLASS = YES_ERROR;
				CLANG_WARN_QUOTED_INCLUDE_IN_FRAMEWORK_HEADER = YES;
				CLANG_WARN_RANGE_LOOP_ANALYSIS = YES;
				CLANG_WARN_STRICT_PROTOTYPES = YES;
				CLANG_WARN_SUSPICIOUS_MOVE = YES;
				CLANG_WARN_UNGUARDED_AVAILABILITY = YES_AGGRESSIVE;
				CLANG_WARN_UNREACHABLE_CODE = YES;
				CLANG_WARN__DUPLICATE_METHOD_MATCH = YES;
				COPY_PHASE_STRIP = NO;
				DEBUG_INFORMATION_FORMAT = dwarf;
				ENABLE_STRICT_OBJC_MSGSEND = YES;
				ENABLE_TESTABILITY = YES;
				GCC_C_LANGUAGE_STANDARD = gnu11;
				GCC_DYNAMIC_NO_PIC = NO;
				GCC_NO_COMMON_BLOCKS = YES;
				GCC_OPTIMIZATION_LEVEL = 0;
				GCC_PREPROCESSOR_DEFINITIONS = (
					"DEBUG=1",
					"$(inherited)",
				);
				GCC_WARN_64_TO_32_BIT_CONVERSION = YES;
				GCC_WARN_ABOUT_RETURN_TYPE = YES_ERROR;
				GCC_WARN_UNDECLARED_SELECTOR = YES;
				GCC_WARN_UNINITIALIZED_AUTOS = YES_AGGRESSIVE;
				GCC_WARN_UNUSED_FUNCTION = YES;
				GCC_WARN_UNUSED_VARIABLE = YES;
				IPHONEOS_DEPLOYMENT_TARGET = 15.5;
				MTL_ENABLE_DEBUG_INFO = INCLUDE_SOURCE;
				MTL_FAST_MATH = YES;
				ONLY_ACTIVE_ARCH = YES;
				SDKROOT = iphoneos;
				SWIFT_ACTIVE_COMPILATION_CONDITIONS = DEBUG;
				SWIFT_OPTIMIZATION_LEVEL = "-Onone";
			};
			name = Debug;
		};
		7A038C0C284F324700B1376F /* Release */ = {
			isa = XCBuildConfiguration;
			buildSettings = {
				ALWAYS_SEARCH_USER_PATHS = NO;
				CLANG_ANALYZER_NONNULL = YES;
				CLANG_ANALYZER_NUMBER_OBJECT_CONVERSION = YES_AGGRESSIVE;
				CLANG_CXX_LANGUAGE_STANDARD = "gnu++17";
				CLANG_ENABLE_MODULES = YES;
				CLANG_ENABLE_OBJC_ARC = YES;
				CLANG_ENABLE_OBJC_WEAK = YES;
				CLANG_WARN_BLOCK_CAPTURE_AUTORELEASING = YES;
				CLANG_WARN_BOOL_CONVERSION = YES;
				CLANG_WARN_COMMA = YES;
				CLANG_WARN_CONSTANT_CONVERSION = YES;
				CLANG_WARN_DEPRECATED_OBJC_IMPLEMENTATIONS = YES;
				CLANG_WARN_DIRECT_OBJC_ISA_USAGE = YES_ERROR;
				CLANG_WARN_DOCUMENTATION_COMMENTS = YES;
				CLANG_WARN_EMPTY_BODY = YES;
				CLANG_WARN_ENUM_CONVERSION = YES;
				CLANG_WARN_INFINITE_RECURSION = YES;
				CLANG_WARN_INT_CONVERSION = YES;
				CLANG_WARN_NON_LITERAL_NULL_CONVERSION = YES;
				CLANG_WARN_OBJC_IMPLICIT_RETAIN_SELF = YES;
				CLANG_WARN_OBJC_LITERAL_CONVERSION = YES;
				CLANG_WARN_OBJC_ROOT_CLASS = YES_ERROR;
				CLANG_WARN_QUOTED_INCLUDE_IN_FRAMEWORK_HEADER = YES;
				CLANG_WARN_RANGE_LOOP_ANALYSIS = YES;
				CLANG_WARN_STRICT_PROTOTYPES = YES;
				CLANG_WARN_SUSPICIOUS_MOVE = YES;
				CLANG_WARN_UNGUARDED_AVAILABILITY = YES_AGGRESSIVE;
				CLANG_WARN_UNREACHABLE_CODE = YES;
				CLANG_WARN__DUPLICATE_METHOD_MATCH = YES;
				COPY_PHASE_STRIP = NO;
				DEBUG_INFORMATION_FORMAT = "dwarf-with-dsym";
				ENABLE_NS_ASSERTIONS = NO;
				ENABLE_STRICT_OBJC_MSGSEND = YES;
				GCC_C_LANGUAGE_STANDARD = gnu11;
				GCC_NO_COMMON_BLOCKS = YES;
				GCC_WARN_64_TO_32_BIT_CONVERSION = YES;
				GCC_WARN_ABOUT_RETURN_TYPE = YES_ERROR;
				GCC_WARN_UNDECLARED_SELECTOR = YES;
				GCC_WARN_UNINITIALIZED_AUTOS = YES_AGGRESSIVE;
				GCC_WARN_UNUSED_FUNCTION = YES;
				GCC_WARN_UNUSED_VARIABLE = YES;
				IPHONEOS_DEPLOYMENT_TARGET = 15.5;
				MTL_ENABLE_DEBUG_INFO = NO;
				MTL_FAST_MATH = YES;
				SDKROOT = iphoneos;
				SWIFT_COMPILATION_MODE = wholemodule;
				SWIFT_OPTIMIZATION_LEVEL = "-O";
				VALIDATE_PRODUCT = YES;
			};
			name = Release;
		};
		7A038C0E284F324700B1376F /* Debug */ = {
			isa = XCBuildConfiguration;
			baseConfigurationReference = AD5D6652375AACB2697713E6 /* Pods-ReusEd.debug.xcconfig */;
			buildSettings = {
				ASSETCATALOG_COMPILER_APPICON_NAME = AppIcon;
				ASSETCATALOG_COMPILER_GLOBAL_ACCENT_COLOR_NAME = AccentColor;
				CODE_SIGN_IDENTITY = "Apple Development";
				CODE_SIGN_STYLE = Automatic;
				CURRENT_PROJECT_VERSION = 1;
				DEVELOPMENT_ASSET_PATHS = "\"ReusEd/Preview Content\"";
				DEVELOPMENT_TEAM = "";
				ENABLE_PREVIEWS = YES;
				GENERATE_INFOPLIST_FILE = YES;
				INFOPLIST_FILE = ReusEd/Info.plist;
				INFOPLIST_KEY_UIApplicationSceneManifest_Generation = YES;
				INFOPLIST_KEY_UIApplicationSupportsIndirectInputEvents = YES;
				INFOPLIST_KEY_UILaunchStoryboardName = "Launch Screen";
				INFOPLIST_KEY_UISupportedInterfaceOrientations = UIInterfaceOrientationPortrait;
				INFOPLIST_KEY_UISupportedInterfaceOrientations_iPad = "UIInterfaceOrientationPortrait UIInterfaceOrientationPortraitUpsideDown UIInterfaceOrientationLandscapeLeft UIInterfaceOrientationLandscapeRight";
				INFOPLIST_KEY_UISupportedInterfaceOrientations_iPhone = UIInterfaceOrientationPortrait;
				INFOPLIST_KEY_UIUserInterfaceStyle = Light;
				IPHONEOS_DEPLOYMENT_TARGET = 15.0;
				LD_RUNPATH_SEARCH_PATHS = (
					"$(inherited)",
					"@executable_path/Frameworks",
				);
				MARKETING_VERSION = 1.0;
				PRODUCT_BUNDLE_IDENTIFIER = com.iOSerler.ReusEd;
				PRODUCT_NAME = "$(TARGET_NAME)";
				PROVISIONING_PROFILE_SPECIFIER = "";
				SWIFT_EMIT_LOC_STRINGS = YES;
				SWIFT_VERSION = 5.0;
				TARGETED_DEVICE_FAMILY = 1;
			};
			name = Debug;
		};
		7A038C0F284F324700B1376F /* Release */ = {
			isa = XCBuildConfiguration;
			baseConfigurationReference = 0584069E9A9D07CC58F32757 /* Pods-ReusEd.release.xcconfig */;
			buildSettings = {
				ASSETCATALOG_COMPILER_APPICON_NAME = AppIcon;
				ASSETCATALOG_COMPILER_GLOBAL_ACCENT_COLOR_NAME = AccentColor;
				CODE_SIGN_IDENTITY = "Apple Development";
				CODE_SIGN_STYLE = Automatic;
				CURRENT_PROJECT_VERSION = 1;
				DEVELOPMENT_ASSET_PATHS = "\"ReusEd/Preview Content\"";
				DEVELOPMENT_TEAM = "";
				ENABLE_PREVIEWS = YES;
				GENERATE_INFOPLIST_FILE = YES;
				INFOPLIST_FILE = ReusEd/Info.plist;
				INFOPLIST_KEY_UIApplicationSceneManifest_Generation = YES;
				INFOPLIST_KEY_UIApplicationSupportsIndirectInputEvents = YES;
				INFOPLIST_KEY_UILaunchStoryboardName = "Launch Screen";
				INFOPLIST_KEY_UISupportedInterfaceOrientations = UIInterfaceOrientationPortrait;
				INFOPLIST_KEY_UISupportedInterfaceOrientations_iPad = "UIInterfaceOrientationPortrait UIInterfaceOrientationPortraitUpsideDown UIInterfaceOrientationLandscapeLeft UIInterfaceOrientationLandscapeRight";
				INFOPLIST_KEY_UISupportedInterfaceOrientations_iPhone = UIInterfaceOrientationPortrait;
				INFOPLIST_KEY_UIUserInterfaceStyle = Light;
				IPHONEOS_DEPLOYMENT_TARGET = 15.0;
				LD_RUNPATH_SEARCH_PATHS = (
					"$(inherited)",
					"@executable_path/Frameworks",
				);
				MARKETING_VERSION = 1.0;
				PRODUCT_BUNDLE_IDENTIFIER = com.iOSerler.ReusEd;
				PRODUCT_NAME = "$(TARGET_NAME)";
				PROVISIONING_PROFILE_SPECIFIER = "";
				SWIFT_EMIT_LOC_STRINGS = YES;
				SWIFT_VERSION = 5.0;
				TARGETED_DEVICE_FAMILY = 1;
			};
			name = Release;
		};
/* End XCBuildConfiguration section */

/* Begin XCConfigurationList section */
		7A038BFA284F324300B1376F /* Build configuration list for PBXProject "ReusEd" */ = {
			isa = XCConfigurationList;
			buildConfigurations = (
				7A038C0B284F324700B1376F /* Debug */,
				7A038C0C284F324700B1376F /* Release */,
			);
			defaultConfigurationIsVisible = 0;
			defaultConfigurationName = Release;
		};
		7A038C0D284F324700B1376F /* Build configuration list for PBXNativeTarget "ReusEd" */ = {
			isa = XCConfigurationList;
			buildConfigurations = (
				7A038C0E284F324700B1376F /* Debug */,
				7A038C0F284F324700B1376F /* Release */,
			);
			defaultConfigurationIsVisible = 0;
			defaultConfigurationName = Release;
		};
/* End XCConfigurationList section */
	};
	rootObject = 7A038BF7284F324300B1376F /* Project object */;
}
