// !$*UTF8*$!
{
	archiveVersion = 1;
	classes = {
	};
	objectVersion = 55;
	objects = {

/* Begin PBXBuildFile section */
		7A038C03284F324300B1376F /* ReusEdApp.swift in Sources */ = {isa = PBXBuildFile; fileRef = 7A038C02284F324300B1376F /* ReusEdApp.swift */; };
		7A038C05284F324300B1376F /* ContentView.swift in Sources */ = {isa = PBXBuildFile; fileRef = 7A038C04284F324300B1376F /* ContentView.swift */; };
		7A038C07284F324700B1376F /* Assets.xcassets in Resources */ = {isa = PBXBuildFile; fileRef = 7A038C06284F324700B1376F /* Assets.xcassets */; };
		7A038C0A284F324700B1376F /* Preview Assets.xcassets in Resources */ = {isa = PBXBuildFile; fileRef = 7A038C09284F324700B1376F /* Preview Assets.xcassets */; };
		7A038C16284F36E300B1376F /* OnBoardingView.swift in Sources */ = {isa = PBXBuildFile; fileRef = 7A038C15284F36E300B1376F /* OnBoardingView.swift */; };
		7A038C18284F383900B1376F /* OnBoardingPages.swift in Sources */ = {isa = PBXBuildFile; fileRef = 7A038C17284F383900B1376F /* OnBoardingPages.swift */; };
		7A038C28284F3B0F00B1376F /* Rubik-BoldItalic.ttf in Resources */ = {isa = PBXBuildFile; fileRef = 7A038C1A284F3B0F00B1376F /* Rubik-BoldItalic.ttf */; };
		7A038C29284F3B0F00B1376F /* Rubik-Italic.ttf in Resources */ = {isa = PBXBuildFile; fileRef = 7A038C1B284F3B0F00B1376F /* Rubik-Italic.ttf */; };
		7A038C2A284F3B0F00B1376F /* Rubik-Bold.ttf in Resources */ = {isa = PBXBuildFile; fileRef = 7A038C1C284F3B0F00B1376F /* Rubik-Bold.ttf */; };
		7A038C2B284F3B0F00B1376F /* Rubik-ExtraBoldItalic.ttf in Resources */ = {isa = PBXBuildFile; fileRef = 7A038C1D284F3B0F00B1376F /* Rubik-ExtraBoldItalic.ttf */; };
		7A038C2C284F3B0F00B1376F /* Rubik-Regular.ttf in Resources */ = {isa = PBXBuildFile; fileRef = 7A038C1E284F3B0F00B1376F /* Rubik-Regular.ttf */; };
		7A038C2D284F3B0F00B1376F /* Rubik-SemiBold.ttf in Resources */ = {isa = PBXBuildFile; fileRef = 7A038C1F284F3B0F00B1376F /* Rubik-SemiBold.ttf */; };
		7A038C2E284F3B0F00B1376F /* Rubik-MediumItalic.ttf in Resources */ = {isa = PBXBuildFile; fileRef = 7A038C20284F3B0F00B1376F /* Rubik-MediumItalic.ttf */; };
		7A038C2F284F3B0F00B1376F /* Rubik-BlackItalic.ttf in Resources */ = {isa = PBXBuildFile; fileRef = 7A038C21284F3B0F00B1376F /* Rubik-BlackItalic.ttf */; };
		7A038C30284F3B0F00B1376F /* Rubik-Light.ttf in Resources */ = {isa = PBXBuildFile; fileRef = 7A038C22284F3B0F00B1376F /* Rubik-Light.ttf */; };
		7A038C31284F3B0F00B1376F /* Rubik-ExtraBold.ttf in Resources */ = {isa = PBXBuildFile; fileRef = 7A038C23284F3B0F00B1376F /* Rubik-ExtraBold.ttf */; };
		7A038C32284F3B0F00B1376F /* Rubik-LightItalic.ttf in Resources */ = {isa = PBXBuildFile; fileRef = 7A038C24284F3B0F00B1376F /* Rubik-LightItalic.ttf */; };
		7A038C33284F3B0F00B1376F /* Rubik-Medium.ttf in Resources */ = {isa = PBXBuildFile; fileRef = 7A038C25284F3B0F00B1376F /* Rubik-Medium.ttf */; };
		7A038C34284F3B0F00B1376F /* Rubik-SemiBoldItalic.ttf in Resources */ = {isa = PBXBuildFile; fileRef = 7A038C26284F3B0F00B1376F /* Rubik-SemiBoldItalic.ttf */; };
		7A038C35284F3B0F00B1376F /* Rubik-Black.ttf in Resources */ = {isa = PBXBuildFile; fileRef = 7A038C27284F3B0F00B1376F /* Rubik-Black.ttf */; };
		7A038C37284F458400B1376F /* Test1View.swift in Sources */ = {isa = PBXBuildFile; fileRef = 7A038C36284F458400B1376F /* Test1View.swift */; };
/* End PBXBuildFile section */

/* Begin PBXFileReference section */
		7A038BFF284F324300B1376F /* ReusEd.app */ = {isa = PBXFileReference; explicitFileType = wrapper.application; includeInIndex = 0; path = ReusEd.app; sourceTree = BUILT_PRODUCTS_DIR; };
		7A038C02284F324300B1376F /* ReusEdApp.swift */ = {isa = PBXFileReference; lastKnownFileType = sourcecode.swift; path = ReusEdApp.swift; sourceTree = "<group>"; };
		7A038C04284F324300B1376F /* ContentView.swift */ = {isa = PBXFileReference; lastKnownFileType = sourcecode.swift; path = ContentView.swift; sourceTree = "<group>"; };
		7A038C06284F324700B1376F /* Assets.xcassets */ = {isa = PBXFileReference; lastKnownFileType = folder.assetcatalog; path = Assets.xcassets; sourceTree = "<group>"; };
		7A038C09284F324700B1376F /* Preview Assets.xcassets */ = {isa = PBXFileReference; lastKnownFileType = folder.assetcatalog; path = "Preview Assets.xcassets"; sourceTree = "<group>"; };
		7A038C10284F326700B1376F /* Info.plist */ = {isa = PBXFileReference; lastKnownFileType = text.plist; path = Info.plist; sourceTree = "<group>"; };
		7A038C15284F36E300B1376F /* OnBoardingView.swift */ = {isa = PBXFileReference; lastKnownFileType = sourcecode.swift; path = OnBoardingView.swift; sourceTree = "<group>"; };
		7A038C17284F383900B1376F /* OnBoardingPages.swift */ = {isa = PBXFileReference; lastKnownFileType = sourcecode.swift; path = OnBoardingPages.swift; sourceTree = "<group>"; };
		7A038C1A284F3B0F00B1376F /* Rubik-BoldItalic.ttf */ = {isa = PBXFileReference; lastKnownFileType = file; path = "Rubik-BoldItalic.ttf"; sourceTree = "<group>"; };
		7A038C1B284F3B0F00B1376F /* Rubik-Italic.ttf */ = {isa = PBXFileReference; lastKnownFileType = file; path = "Rubik-Italic.ttf"; sourceTree = "<group>"; };
		7A038C1C284F3B0F00B1376F /* Rubik-Bold.ttf */ = {isa = PBXFileReference; lastKnownFileType = file; path = "Rubik-Bold.ttf"; sourceTree = "<group>"; };
		7A038C1D284F3B0F00B1376F /* Rubik-ExtraBoldItalic.ttf */ = {isa = PBXFileReference; lastKnownFileType = file; path = "Rubik-ExtraBoldItalic.ttf"; sourceTree = "<group>"; };
		7A038C1E284F3B0F00B1376F /* Rubik-Regular.ttf */ = {isa = PBXFileReference; lastKnownFileType = file; path = "Rubik-Regular.ttf"; sourceTree = "<group>"; };
		7A038C1F284F3B0F00B1376F /* Rubik-SemiBold.ttf */ = {isa = PBXFileReference; lastKnownFileType = file; path = "Rubik-SemiBold.ttf"; sourceTree = "<group>"; };
		7A038C20284F3B0F00B1376F /* Rubik-MediumItalic.ttf */ = {isa = PBXFileReference; lastKnownFileType = file; path = "Rubik-MediumItalic.ttf"; sourceTree = "<group>"; };
		7A038C21284F3B0F00B1376F /* Rubik-BlackItalic.ttf */ = {isa = PBXFileReference; lastKnownFileType = file; path = "Rubik-BlackItalic.ttf"; sourceTree = "<group>"; };
		7A038C22284F3B0F00B1376F /* Rubik-Light.ttf */ = {isa = PBXFileReference; lastKnownFileType = file; path = "Rubik-Light.ttf"; sourceTree = "<group>"; };
		7A038C23284F3B0F00B1376F /* Rubik-ExtraBold.ttf */ = {isa = PBXFileReference; lastKnownFileType = file; path = "Rubik-ExtraBold.ttf"; sourceTree = "<group>"; };
		7A038C24284F3B0F00B1376F /* Rubik-LightItalic.ttf */ = {isa = PBXFileReference; lastKnownFileType = file; path = "Rubik-LightItalic.ttf"; sourceTree = "<group>"; };
		7A038C25284F3B0F00B1376F /* Rubik-Medium.ttf */ = {isa = PBXFileReference; lastKnownFileType = file; path = "Rubik-Medium.ttf"; sourceTree = "<group>"; };
		7A038C26284F3B0F00B1376F /* Rubik-SemiBoldItalic.ttf */ = {isa = PBXFileReference; lastKnownFileType = file; path = "Rubik-SemiBoldItalic.ttf"; sourceTree = "<group>"; };
		7A038C27284F3B0F00B1376F /* Rubik-Black.ttf */ = {isa = PBXFileReference; lastKnownFileType = file; path = "Rubik-Black.ttf"; sourceTree = "<group>"; };
		7A038C36284F458400B1376F /* Test1View.swift */ = {isa = PBXFileReference; lastKnownFileType = sourcecode.swift; path = Test1View.swift; sourceTree = "<group>"; };
/* End PBXFileReference section */

/* Begin PBXFrameworksBuildPhase section */
		7A038BFC284F324300B1376F /* Frameworks */ = {
			isa = PBXFrameworksBuildPhase;
			buildActionMask = 2147483647;
			files = (
			);
			runOnlyForDeploymentPostprocessing = 0;
		};
/* End PBXFrameworksBuildPhase section */

/* Begin PBXGroup section */
		7A038BF6284F324300B1376F = {
			isa = PBXGroup;
			children = (
				7A038C01284F324300B1376F /* ReusEd */,
				7A038C00284F324300B1376F /* Products */,
			);
			sourceTree = "<group>";
		};
		7A038C00284F324300B1376F /* Products */ = {
			isa = PBXGroup;
			children = (
				7A038BFF284F324300B1376F /* ReusEd.app */,
			);
			name = Products;
			sourceTree = "<group>";
		};
		7A038C01284F324300B1376F /* ReusEd */ = {
			isa = PBXGroup;
			children = (
				7A038C14284F35A900B1376F /* Resources */,
				7A038C13284F35A100B1376F /* ViewModels */,
				7A038C12284F359400B1376F /* Models */,
				7A038C11284F357B00B1376F /* Views */,
				7A038C10284F326700B1376F /* Info.plist */,
				7A038C02284F324300B1376F /* ReusEdApp.swift */,
				7A038C04284F324300B1376F /* ContentView.swift */,
				7A038C08284F324700B1376F /* Preview Content */,
			);
			path = ReusEd;
			sourceTree = "<group>";
		};
		7A038C08284F324700B1376F /* Preview Content */ = {
			isa = PBXGroup;
			children = (
				7A038C09284F324700B1376F /* Preview Assets.xcassets */,
			);
			path = "Preview Content";
			sourceTree = "<group>";
		};
		7A038C11284F357B00B1376F /* Views */ = {
			isa = PBXGroup;
			children = (
				7A038C15284F36E300B1376F /* OnBoardingView.swift */,
				7A038C36284F458400B1376F /* Test1View.swift */,
			);
			path = Views;
			sourceTree = "<group>";
		};
		7A038C12284F359400B1376F /* Models */ = {
			isa = PBXGroup;
			children = (
				7A038C17284F383900B1376F /* OnBoardingPages.swift */,
			);
			path = Models;
			sourceTree = "<group>";
		};
		7A038C13284F35A100B1376F /* ViewModels */ = {
			isa = PBXGroup;
			children = (
			);
			path = ViewModels;
			sourceTree = "<group>";
		};
		7A038C14284F35A900B1376F /* Resources */ = {
			isa = PBXGroup;
			children = (
				7A038C06284F324700B1376F /* Assets.xcassets */,
				7A038C19284F3AA500B1376F /* Fonts */,
			);
			path = Resources;
			sourceTree = "<group>";
		};
		7A038C19284F3AA500B1376F /* Fonts */ = {
			isa = PBXGroup;
			children = (
				7A038C27284F3B0F00B1376F /* Rubik-Black.ttf */,
				7A038C21284F3B0F00B1376F /* Rubik-BlackItalic.ttf */,
				7A038C1C284F3B0F00B1376F /* Rubik-Bold.ttf */,
				7A038C1A284F3B0F00B1376F /* Rubik-BoldItalic.ttf */,
				7A038C23284F3B0F00B1376F /* Rubik-ExtraBold.ttf */,
				7A038C1D284F3B0F00B1376F /* Rubik-ExtraBoldItalic.ttf */,
				7A038C1B284F3B0F00B1376F /* Rubik-Italic.ttf */,
				7A038C22284F3B0F00B1376F /* Rubik-Light.ttf */,
				7A038C24284F3B0F00B1376F /* Rubik-LightItalic.ttf */,
				7A038C25284F3B0F00B1376F /* Rubik-Medium.ttf */,
				7A038C20284F3B0F00B1376F /* Rubik-MediumItalic.ttf */,
				7A038C1E284F3B0F00B1376F /* Rubik-Regular.ttf */,
				7A038C1F284F3B0F00B1376F /* Rubik-SemiBold.ttf */,
				7A038C26284F3B0F00B1376F /* Rubik-SemiBoldItalic.ttf */,
			);
			path = Fonts;
			sourceTree = "<group>";
		};
/* End PBXGroup section */

/* Begin PBXNativeTarget section */
		7A038BFE284F324300B1376F /* ReusEd */ = {
			isa = PBXNativeTarget;
			buildConfigurationList = 7A038C0D284F324700B1376F /* Build configuration list for PBXNativeTarget "ReusEd" */;
			buildPhases = (
				7A038BFB284F324300B1376F /* Sources */,
				7A038BFC284F324300B1376F /* Frameworks */,
				7A038BFD284F324300B1376F /* Resources */,
			);
			buildRules = (
			);
			dependencies = (
			);
			name = ReusEd;
			productName = ReusEd;
			productReference = 7A038BFF284F324300B1376F /* ReusEd.app */;
			productType = "com.apple.product-type.application";
		};
/* End PBXNativeTarget section */

/* Begin PBXProject section */
		7A038BF7284F324300B1376F /* Project object */ = {
			isa = PBXProject;
			attributes = {
				BuildIndependentTargetsInParallel = 1;
				LastSwiftUpdateCheck = 1340;
				LastUpgradeCheck = 1340;
				TargetAttributes = {
					7A038BFE284F324300B1376F = {
						CreatedOnToolsVersion = 13.4.1;
					};
				};
			};
			buildConfigurationList = 7A038BFA284F324300B1376F /* Build configuration list for PBXProject "ReusEd" */;
			compatibilityVersion = "Xcode 13.0";
			developmentRegion = en;
			hasScannedForEncodings = 0;
			knownRegions = (
				en,
				Base,
			);
			mainGroup = 7A038BF6284F324300B1376F;
			productRefGroup = 7A038C00284F324300B1376F /* Products */;
			projectDirPath = "";
			projectRoot = "";
			targets = (
				7A038BFE284F324300B1376F /* ReusEd */,
			);
		};
/* End PBXProject section */

/* Begin PBXResourcesBuildPhase section */
		7A038BFD284F324300B1376F /* Resources */ = {
			isa = PBXResourcesBuildPhase;
			buildActionMask = 2147483647;
			files = (
				7A038C2F284F3B0F00B1376F /* Rubik-BlackItalic.ttf in Resources */,
				7A038C2B284F3B0F00B1376F /* Rubik-ExtraBoldItalic.ttf in Resources */,
				7A038C35284F3B0F00B1376F /* Rubik-Black.ttf in Resources */,
				7A038C2E284F3B0F00B1376F /* Rubik-MediumItalic.ttf in Resources */,
				7A038C2C284F3B0F00B1376F /* Rubik-Regular.ttf in Resources */,
				7A038C29284F3B0F00B1376F /* Rubik-Italic.ttf in Resources */,
				7A038C0A284F324700B1376F /* Preview Assets.xcassets in Resources */,
				7A038C28284F3B0F00B1376F /* Rubik-BoldItalic.ttf in Resources */,
				7A038C32284F3B0F00B1376F /* Rubik-LightItalic.ttf in Resources */,
				7A038C07284F324700B1376F /* Assets.xcassets in Resources */,
				7A038C2A284F3B0F00B1376F /* Rubik-Bold.ttf in Resources */,
				7A038C2D284F3B0F00B1376F /* Rubik-SemiBold.ttf in Resources */,
				7A038C31284F3B0F00B1376F /* Rubik-ExtraBold.ttf in Resources */,
				7A038C34284F3B0F00B1376F /* Rubik-SemiBoldItalic.ttf in Resources */,
				7A038C30284F3B0F00B1376F /* Rubik-Light.ttf in Resources */,
				7A038C33284F3B0F00B1376F /* Rubik-Medium.ttf in Resources */,
			);
			runOnlyForDeploymentPostprocessing = 0;
		};
/* End PBXResourcesBuildPhase section */

/* Begin PBXSourcesBuildPhase section */
		7A038BFB284F324300B1376F /* Sources */ = {
			isa = PBXSourcesBuildPhase;
			buildActionMask = 2147483647;
			files = (
				7A038C16284F36E300B1376F /* OnBoardingView.swift in Sources */,
				7A038C05284F324300B1376F /* ContentView.swift in Sources */,
				7A038C37284F458400B1376F /* Test1View.swift in Sources */,
				7A038C03284F324300B1376F /* ReusEdApp.swift in Sources */,
				7A038C18284F383900B1376F /* OnBoardingPages.swift in Sources */,
			);
			runOnlyForDeploymentPostprocessing = 0;
		};
/* End PBXSourcesBuildPhase section */

/* Begin XCBuildConfiguration section */
		7A038C0B284F324700B1376F /* Debug */ = {
			isa = XCBuildConfiguration;
			buildSettings = {
				ALWAYS_SEARCH_USER_PATHS = NO;
				CLANG_ANALYZER_NONNULL = YES;
				CLANG_ANALYZER_NUMBER_OBJECT_CONVERSION = YES_AGGRESSIVE;
				CLANG_CXX_LANGUAGE_STANDARD = "gnu++17";
				CLANG_ENABLE_MODULES = YES;
				CLANG_ENABLE_OBJC_ARC = YES;
				CLANG_ENABLE_OBJC_WEAK = YES;
				CLANG_WARN_BLOCK_CAPTURE_AUTORELEASING = YES;
				CLANG_WARN_BOOL_CONVERSION = YES;
				CLANG_WARN_COMMA = YES;
				CLANG_WARN_CONSTANT_CONVERSION = YES;
				CLANG_WARN_DEPRECATED_OBJC_IMPLEMENTATIONS = YES;
				CLANG_WARN_DIRECT_OBJC_ISA_USAGE = YES_ERROR;
				CLANG_WARN_DOCUMENTATION_COMMENTS = YES;
				CLANG_WARN_EMPTY_BODY = YES;
				CLANG_WARN_ENUM_CONVERSION = YES;
				CLANG_WARN_INFINITE_RECURSION = YES;
				CLANG_WARN_INT_CONVERSION = YES;
				CLANG_WARN_NON_LITERAL_NULL_CONVERSION = YES;
				CLANG_WARN_OBJC_IMPLICIT_RETAIN_SELF = YES;
				CLANG_WARN_OBJC_LITERAL_CONVERSION = YES;
				CLANG_WARN_OBJC_ROOT_CLASS = YES_ERROR;
				CLANG_WARN_QUOTED_INCLUDE_IN_FRAMEWORK_HEADER = YES;
				CLANG_WARN_RANGE_LOOP_ANALYSIS = YES;
				CLANG_WARN_STRICT_PROTOTYPES = YES;
				CLANG_WARN_SUSPICIOUS_MOVE = YES;
				CLANG_WARN_UNGUARDED_AVAILABILITY = YES_AGGRESSIVE;
				CLANG_WARN_UNREACHABLE_CODE = YES;
				CLANG_WARN__DUPLICATE_METHOD_MATCH = YES;
				COPY_PHASE_STRIP = NO;
				DEBUG_INFORMATION_FORMAT = dwarf;
				ENABLE_STRICT_OBJC_MSGSEND = YES;
				ENABLE_TESTABILITY = YES;
				GCC_C_LANGUAGE_STANDARD = gnu11;
				GCC_DYNAMIC_NO_PIC = NO;
				GCC_NO_COMMON_BLOCKS = YES;
				GCC_OPTIMIZATION_LEVEL = 0;
				GCC_PREPROCESSOR_DEFINITIONS = (
					"DEBUG=1",
					"$(inherited)",
				);
				GCC_WARN_64_TO_32_BIT_CONVERSION = YES;
				GCC_WARN_ABOUT_RETURN_TYPE = YES_ERROR;
				GCC_WARN_UNDECLARED_SELECTOR = YES;
				GCC_WARN_UNINITIALIZED_AUTOS = YES_AGGRESSIVE;
				GCC_WARN_UNUSED_FUNCTION = YES;
				GCC_WARN_UNUSED_VARIABLE = YES;
				IPHONEOS_DEPLOYMENT_TARGET = 15.5;
				MTL_ENABLE_DEBUG_INFO = INCLUDE_SOURCE;
				MTL_FAST_MATH = YES;
				ONLY_ACTIVE_ARCH = YES;
				SDKROOT = iphoneos;
				SWIFT_ACTIVE_COMPILATION_CONDITIONS = DEBUG;
				SWIFT_OPTIMIZATION_LEVEL = "-Onone";
			};
			name = Debug;
		};
		7A038C0C284F324700B1376F /* Release */ = {
			isa = XCBuildConfiguration;
			buildSettings = {
				ALWAYS_SEARCH_USER_PATHS = NO;
				CLANG_ANALYZER_NONNULL = YES;
				CLANG_ANALYZER_NUMBER_OBJECT_CONVERSION = YES_AGGRESSIVE;
				CLANG_CXX_LANGUAGE_STANDARD = "gnu++17";
				CLANG_ENABLE_MODULES = YES;
				CLANG_ENABLE_OBJC_ARC = YES;
				CLANG_ENABLE_OBJC_WEAK = YES;
				CLANG_WARN_BLOCK_CAPTURE_AUTORELEASING = YES;
				CLANG_WARN_BOOL_CONVERSION = YES;
				CLANG_WARN_COMMA = YES;
				CLANG_WARN_CONSTANT_CONVERSION = YES;
				CLANG_WARN_DEPRECATED_OBJC_IMPLEMENTATIONS = YES;
				CLANG_WARN_DIRECT_OBJC_ISA_USAGE = YES_ERROR;
				CLANG_WARN_DOCUMENTATION_COMMENTS = YES;
				CLANG_WARN_EMPTY_BODY = YES;
				CLANG_WARN_ENUM_CONVERSION = YES;
				CLANG_WARN_INFINITE_RECURSION = YES;
				CLANG_WARN_INT_CONVERSION = YES;
				CLANG_WARN_NON_LITERAL_NULL_CONVERSION = YES;
				CLANG_WARN_OBJC_IMPLICIT_RETAIN_SELF = YES;
				CLANG_WARN_OBJC_LITERAL_CONVERSION = YES;
				CLANG_WARN_OBJC_ROOT_CLASS = YES_ERROR;
				CLANG_WARN_QUOTED_INCLUDE_IN_FRAMEWORK_HEADER = YES;
				CLANG_WARN_RANGE_LOOP_ANALYSIS = YES;
				CLANG_WARN_STRICT_PROTOTYPES = YES;
				CLANG_WARN_SUSPICIOUS_MOVE = YES;
				CLANG_WARN_UNGUARDED_AVAILABILITY = YES_AGGRESSIVE;
				CLANG_WARN_UNREACHABLE_CODE = YES;
				CLANG_WARN__DUPLICATE_METHOD_MATCH = YES;
				COPY_PHASE_STRIP = NO;
				DEBUG_INFORMATION_FORMAT = "dwarf-with-dsym";
				ENABLE_NS_ASSERTIONS = NO;
				ENABLE_STRICT_OBJC_MSGSEND = YES;
				GCC_C_LANGUAGE_STANDARD = gnu11;
				GCC_NO_COMMON_BLOCKS = YES;
				GCC_WARN_64_TO_32_BIT_CONVERSION = YES;
				GCC_WARN_ABOUT_RETURN_TYPE = YES_ERROR;
				GCC_WARN_UNDECLARED_SELECTOR = YES;
				GCC_WARN_UNINITIALIZED_AUTOS = YES_AGGRESSIVE;
				GCC_WARN_UNUSED_FUNCTION = YES;
				GCC_WARN_UNUSED_VARIABLE = YES;
				IPHONEOS_DEPLOYMENT_TARGET = 15.5;
				MTL_ENABLE_DEBUG_INFO = NO;
				MTL_FAST_MATH = YES;
				SDKROOT = iphoneos;
				SWIFT_COMPILATION_MODE = wholemodule;
				SWIFT_OPTIMIZATION_LEVEL = "-O";
				VALIDATE_PRODUCT = YES;
			};
			name = Release;
		};
		7A038C0E284F324700B1376F /* Debug */ = {
			isa = XCBuildConfiguration;
			buildSettings = {
				ASSETCATALOG_COMPILER_APPICON_NAME = AppIcon;
				ASSETCATALOG_COMPILER_GLOBAL_ACCENT_COLOR_NAME = AccentColor;
				CODE_SIGN_STYLE = Automatic;
				CURRENT_PROJECT_VERSION = 1;
				DEVELOPMENT_ASSET_PATHS = "\"ReusEd/Preview Content\"";
				DEVELOPMENT_TEAM = "";
				ENABLE_PREVIEWS = YES;
				GENERATE_INFOPLIST_FILE = YES;
				INFOPLIST_FILE = ReusEd/Info.plist;
				INFOPLIST_KEY_UIApplicationSceneManifest_Generation = YES;
				INFOPLIST_KEY_UIApplicationSupportsIndirectInputEvents = YES;
				INFOPLIST_KEY_UILaunchScreen_Generation = YES;
				INFOPLIST_KEY_UISupportedInterfaceOrientations = UIInterfaceOrientationPortrait;
				INFOPLIST_KEY_UISupportedInterfaceOrientations_iPad = "UIInterfaceOrientationPortrait UIInterfaceOrientationPortraitUpsideDown UIInterfaceOrientationLandscapeLeft UIInterfaceOrientationLandscapeRight";
				INFOPLIST_KEY_UISupportedInterfaceOrientations_iPhone = "UIInterfaceOrientationPortrait UIInterfaceOrientationLandscapeLeft UIInterfaceOrientationLandscapeRight";
				LD_RUNPATH_SEARCH_PATHS = (
					"$(inherited)",
					"@executable_path/Frameworks",
				);
				MARKETING_VERSION = 1.0;
				PRODUCT_BUNDLE_IDENTIFIER = com.iOSerler.ReusEd;
				PRODUCT_NAME = "$(TARGET_NAME)";
				SWIFT_EMIT_LOC_STRINGS = YES;
				SWIFT_VERSION = 5.0;
				TARGETED_DEVICE_FAMILY = 1;
			};
			name = Debug;
		};
		7A038C0F284F324700B1376F /* Release */ = {
			isa = XCBuildConfiguration;
			buildSettings = {
				ASSETCATALOG_COMPILER_APPICON_NAME = AppIcon;
				ASSETCATALOG_COMPILER_GLOBAL_ACCENT_COLOR_NAME = AccentColor;
				CODE_SIGN_STYLE = Automatic;
				CURRENT_PROJECT_VERSION = 1;
				DEVELOPMENT_ASSET_PATHS = "\"ReusEd/Preview Content\"";
				DEVELOPMENT_TEAM = "";
				ENABLE_PREVIEWS = YES;
				GENERATE_INFOPLIST_FILE = YES;
				INFOPLIST_FILE = ReusEd/Info.plist;
				INFOPLIST_KEY_UIApplicationSceneManifest_Generation = YES;
				INFOPLIST_KEY_UIApplicationSupportsIndirectInputEvents = YES;
				INFOPLIST_KEY_UILaunchScreen_Generation = YES;
				INFOPLIST_KEY_UISupportedInterfaceOrientations = UIInterfaceOrientationPortrait;
				INFOPLIST_KEY_UISupportedInterfaceOrientations_iPad = "UIInterfaceOrientationPortrait UIInterfaceOrientationPortraitUpsideDown UIInterfaceOrientationLandscapeLeft UIInterfaceOrientationLandscapeRight";
				INFOPLIST_KEY_UISupportedInterfaceOrientations_iPhone = "UIInterfaceOrientationPortrait UIInterfaceOrientationLandscapeLeft UIInterfaceOrientationLandscapeRight";
				LD_RUNPATH_SEARCH_PATHS = (
					"$(inherited)",
					"@executable_path/Frameworks",
				);
				MARKETING_VERSION = 1.0;
				PRODUCT_BUNDLE_IDENTIFIER = com.iOSerler.ReusEd;
				PRODUCT_NAME = "$(TARGET_NAME)";
				SWIFT_EMIT_LOC_STRINGS = YES;
				SWIFT_VERSION = 5.0;
				TARGETED_DEVICE_FAMILY = 1;
			};
			name = Release;
		};
/* End XCBuildConfiguration section */

/* Begin XCConfigurationList section */
		7A038BFA284F324300B1376F /* Build configuration list for PBXProject "ReusEd" */ = {
			isa = XCConfigurationList;
			buildConfigurations = (
				7A038C0B284F324700B1376F /* Debug */,
				7A038C0C284F324700B1376F /* Release */,
			);
			defaultConfigurationIsVisible = 0;
			defaultConfigurationName = Release;
		};
		7A038C0D284F324700B1376F /* Build configuration list for PBXNativeTarget "ReusEd" */ = {
			isa = XCConfigurationList;
			buildConfigurations = (
				7A038C0E284F324700B1376F /* Debug */,
				7A038C0F284F324700B1376F /* Release */,
			);
			defaultConfigurationIsVisible = 0;
			defaultConfigurationName = Release;
		};
/* End XCConfigurationList section */
	};
	rootObject = 7A038BF7284F324300B1376F /* Project object */;
}
